
Microsoft Visual Studio Solution File, Format Version 12.00
# Visual Studio Version 16
VisualStudioVersion = 16.0.31321.278
MinimumVisualStudioVersion = 10.0.40219.1
Project("{FAE04EC0-301F-11D3-BF4B-00C04F79EFBC}") = "pTakip", "pTakip\pTakip.csproj", "{41DF5DF1-0BB6-4DC5-B0E4-CB49A800DFAA}"
EndProject
Global
	GlobalSection(SolutionConfigurationPlatforms) = preSolution
		Debug|Any CPU = Debug|Any CPU
		Release|Any CPU = Release|Any CPU
	EndGlobalSection
	GlobalSection(ProjectConfigurationPlatforms) = postSolution
		{41DF5DF1-0BB6-4DC5-B0E4-CB49A800DFAA}.Debug|Any CPU.ActiveCfg = Debug|Any CPU
		{41DF5DF1-0BB6-4DC5-B0E4-CB49A800DFAA}.Debug|Any CPU.Build.0 = Debug|Any CPU
		{41DF5DF1-0BB6-4DC5-B0E4-CB49A800DFAA}.Release|Any CPU.ActiveCfg = Release|Any CPU
		{41DF5DF1-0BB6-4DC5-B0E4-CB49A800DFAA}.Release|Any CPU.Build.0 = Release|Any CPU
	EndGlobalSection
	GlobalSection(SolutionProperties) = preSolution
		HideSolutionNode = FALSE
	EndGlobalSection
	GlobalSection(ExtensibilityGlobals) = postSolution
		SolutionGuid = {A103B64B-D19F-44AB-AB70-CB427F31DC42}
	EndGlobalSection
EndGlobal
